{
  "version": 4,
  "terraform_version": "0.12.16",
  "serial": 14,
  "lineage": "279fdd21-ebb7-c7d3-aaf9-338ac03eed67",
  "outputs": {
    "IP_da_VM": {
      "value": "35.222.177.181",
      "type": "string"
    }
  },
  "resources": [
    {
      "mode": "managed",
      "type": "google_compute_instance",
      "name": "helloworld",
      "provider": "provider.google",
      "instances": [
        {
          "schema_version": 6,
          "attributes": {
            "allow_stopping_for_update": null,
            "attached_disk": [],
            "boot_disk": [
              {
                "auto_delete": true,
                "device_name": "persistent-disk-0",
                "disk_encryption_key_raw": "",
                "disk_encryption_key_sha256": "",
                "initialize_params": [
                  {
                    "image": "https://www.googleapis.com/compute/v1/projects/ubuntu-os-cloud/global/images/ubuntu-1804-bionic-v20191113",
                    "labels": {},
                    "size": 10,
                    "type": "pd-standard"
                  }
                ],
                "kms_key_self_link": "",
                "mode": "READ_WRITE",
                "source": "https://www.googleapis.com/compute/v1/projects/composite-set-260200/zones/us-central1-a/disks/estagiario"
              }
            ],
            "can_ip_forward": false,
            "cpu_platform": "Intel Haswell",
            "deletion_protection": false,
            "description": "",
            "enable_display": false,
            "guest_accelerator": [],
            "hostname": "",
            "id": "projects/composite-set-260200/zones/us-central1-a/instances/estagiario",
            "instance_id": "4546021412397340221",
            "label_fingerprint": "42WmSpB8rSM=",
            "labels": {},
            "machine_type": "f1-micro",
            "metadata": {},
            "metadata_fingerprint": "D3Wd7NS-CNg=",
            "metadata_startup_script": "",
            "min_cpu_platform": "",
            "name": "estagiario",
            "network_interface": [
              {
                "access_config": [
                  {
                    "nat_ip": "35.222.177.181",
                    "network_tier": "PREMIUM",
                    "public_ptr_domain_name": ""
                  }
                ],
                "alias_ip_range": [],
                "name": "nic0",
                "network": "https://www.googleapis.com/compute/v1/projects/composite-set-260200/global/networks/default",
                "network_ip": "10.128.0.5",
                "subnetwork": "https://www.googleapis.com/compute/v1/projects/composite-set-260200/regions/us-central1/subnetworks/default",
                "subnetwork_project": "composite-set-260200"
              }
            ],
            "project": "composite-set-260200",
            "scheduling": [
              {
                "automatic_restart": true,
                "node_affinities": [],
                "on_host_maintenance": "MIGRATE",
                "preemptible": false
              }
            ],
            "scratch_disk": [],
            "self_link": "https://www.googleapis.com/compute/v1/projects/composite-set-260200/zones/us-central1-a/instances/estagiario",
            "service_account": [],
            "shielded_instance_config": [],
            "tags": [],
            "tags_fingerprint": "42WmSpB8rSM=",
            "timeouts": null,
            "zone": "us-central1-a"
          },
          "private": "eyJlMmJmYjczMC1lY2FhLTExZTYtOGY4OC0zNDM2M2JjN2M0YzAiOnsiY3JlYXRlIjoxMjAwMDAwMDAwMDAwLCJkZWxldGUiOjEyMDAwMDAwMDAwMDAsInVwZGF0ZSI6MTIwMDAwMDAwMDAwMH0sInNjaGVtYV92ZXJzaW9uIjoiNiJ9"
        }
      ]
    },
    {
      "mode": "managed",
      "type": "google_sql_database_instance",
      "name": "helloworld",
      "provider": "provider.google",
      "instances": [
        {
          "schema_version": 0,
          "attributes": {
            "connection_name": "composite-set-260200:us-central1:database",
            "database_version": "MYSQL_5_7",
            "first_ip_address": "104.197.154.216",
            "id": "database",
            "ip_address": [
              {
                "ip_address": "104.197.154.216",
                "time_to_retire": "",
                "type": "PRIMARY"
              }
            ],
            "master_instance_name": "",
            "name": "database",
            "private_ip_address": "",
            "project": "composite-set-260200",
            "public_ip_address": "104.197.154.216",
            "region": "us-central1",
            "replica_configuration": [],
            "self_link": "https://www.googleapis.com/sql/v1beta4/projects/composite-set-260200/instances/database",
            "server_ca_cert": [
              {
                "cert": "-----BEGIN CERTIFICATE-----\nMIIDfzCCAmegAwIBAgIBADANBgkqhkiG9w0BAQsFADB3MS0wKwYDVQQuEyRhNDI1\nMGQ2Yy02ZDk4LTQ5NGUtOTkwMS04OGU5MTk0NjllYTIxIzAhBgNVBAMTGkdvb2ds\nZSBDbG91ZCBTUUwgU2VydmVyIENBMRQwEgYDVQQKEwtHb29nbGUsIEluYzELMAkG\nA1UEBhMCVVMwHhcNMTkxMjEwMDEzMTI1WhcNMjkxMjA3MDEzMjI1WjB3MS0wKwYD\nVQQuEyRhNDI1MGQ2Yy02ZDk4LTQ5NGUtOTkwMS04OGU5MTk0NjllYTIxIzAhBgNV\nBAMTGkdvb2dsZSBDbG91ZCBTUUwgU2VydmVyIENBMRQwEgYDVQQKEwtHb29nbGUs\nIEluYzELMAkGA1UEBhMCVVMwggEiMA0GCSqGSIb3DQEBAQUAA4IBDwAwggEKAoIB\nAQCkJLJD7V8ofqxBbw8rr2F5fC00ePOmCYxLuGffm/OrmJQA1n8gnIPsHVRH07C2\nMA6WGlH93NXkPAqKAbCgvQWtr0DQGuuIxojqi45GV9ey22sHrNezlSmhFW3M8BI6\nxguqa3zSFATL33G0VtFpxAQiM43mdp9pC0fJUCk835RnFVtybE18oHJFby6z54gp\nb089vKfxchmiPZslkeiBmkyIrPf/88Op2XgeMEbshC05dgjhJf31DS7X8Blk1IV8\n3UyaswtdgrsGnBvLOdVc95Z6BN8QP+9CzzTh8u7ZV87WITF1v4xdYkwqqLnhtY87\nMBghNyn2vU8u2KM3iIW41OEXAgMBAAGjFjAUMBIGA1UdEwEB/wQIMAYBAf8CAQAw\nDQYJKoZIhvcNAQELBQADggEBAD+xSeuPaFVFwvWxjZ9of3h4VFZxnBmpH7gGfffh\nw/8V3VVd6nH1FoEF3oxkhaNzpUKrO4lUtOjWdKjoo4og1dEHhTOznAdAn6Pk0ohb\n3qB+Wg86roFwHhmX99DB82AmdF+p8oIt+QMdQzBYe9Vg9AR+bKmxPaACBGAodH3R\n+WGPeDHfis+5EdiMHSJqMs2WjnMjBG+jAeX5oRzfeVomjdig5a3xztnUqpbog40t\nKidDqf16fFVdcXm45viee1x4SHV1wJSyjJNLZCpgzAeSJRTUUZgxjo3fITbPuBa+\nA9OleE1eiU6haQzpOLf42OpAvtbKGJKHuzfHKxSI2AXLOGw=\n-----END CERTIFICATE-----",
                "common_name": "C=US,O=Google\\, Inc,CN=Google Cloud SQL Server CA,dnQualifier=a4250d6c-6d98-494e-9901-88e919469ea2",
                "create_time": "2019-12-10T01:31:25.851Z",
                "expiration_time": "2029-12-07T01:32:25.851Z",
                "sha1_fingerprint": "2139b95f468c95716329f864a69a5fff2ba30d44"
              }
            ],
            "service_account_email_address": "p559852873750-c3art9@gcp-sa-cloud-sql.iam.gserviceaccount.com",
            "settings": [
              {
                "activation_policy": "ALWAYS",
                "authorized_gae_applications": null,
                "availability_type": "",
                "backup_configuration": [
                  {
                    "binary_log_enabled": false,
                    "enabled": false,
                    "location": "",
                    "start_time": "20:00"
                  }
                ],
                "crash_safe_replication": false,
                "database_flags": [],
                "disk_autoresize": true,
                "disk_size": 10,
                "disk_type": "PD_SSD",
                "ip_configuration": [
                  {
                    "authorized_networks": [],
                    "ipv4_enabled": true,
                    "private_network": "",
                    "require_ssl": false
                  }
                ],
                "location_preference": [
                  {
                    "follow_gae_application": "",
                    "zone": "us-central1-c"
                  }
                ],
                "maintenance_window": [],
                "pricing_plan": "PER_USE",
                "replication_type": "SYNCHRONOUS",
                "tier": "db-f1-micro",
                "user_labels": null,
                "version": 1
              }
            ],
            "timeouts": null
          },
          "private": "eyJlMmJmYjczMC1lY2FhLTExZTYtOGY4OC0zNDM2M2JjN2M0YzAiOnsiY3JlYXRlIjoxMjAwMDAwMDAwMDAwLCJkZWxldGUiOjEyMDAwMDAwMDAwMDAsInVwZGF0ZSI6MTIwMDAwMDAwMDAwMH19"
        }
      ]
    }
  ]
}
