{
  "version": 4,
  "terraform_version": "0.12.16",
  "serial": 20,
  "lineage": "279fdd21-ebb7-c7d3-aaf9-338ac03eed67",
  "outputs": {
    "IP_da_VM": {
      "value": "35.184.252.152",
      "type": "string"
    }
  },
  "resources": [
    {
      "mode": "managed",
      "type": "google_compute_instance",
      "name": "helloworld",
      "provider": "provider.google",
      "instances": [
        {
          "schema_version": 6,
          "attributes": {
            "allow_stopping_for_update": null,
            "attached_disk": [],
            "boot_disk": [
              {
                "auto_delete": true,
                "device_name": "persistent-disk-0",
                "disk_encryption_key_raw": "",
                "disk_encryption_key_sha256": "",
                "initialize_params": [
                  {
                    "image": "https://www.googleapis.com/compute/v1/projects/ubuntu-os-cloud/global/images/ubuntu-1804-bionic-v20191113",
                    "labels": {},
                    "size": 10,
                    "type": "pd-standard"
                  }
                ],
                "kms_key_self_link": "",
                "mode": "READ_WRITE",
                "source": "https://www.googleapis.com/compute/v1/projects/composite-set-260200/zones/us-central1-a/disks/estagiario"
              }
            ],
            "can_ip_forward": false,
            "cpu_platform": "Intel Haswell",
            "deletion_protection": false,
            "description": "",
            "enable_display": false,
            "guest_accelerator": [],
            "hostname": "",
            "id": "projects/composite-set-260200/zones/us-central1-a/instances/estagiario",
            "instance_id": "4352384886328014323",
            "label_fingerprint": "42WmSpB8rSM=",
            "labels": {},
            "machine_type": "f1-micro",
            "metadata": {},
            "metadata_fingerprint": "D3Wd7NS-CNg=",
            "metadata_startup_script": "",
            "min_cpu_platform": "",
            "name": "estagiario",
            "network_interface": [
              {
                "access_config": [
                  {
                    "nat_ip": "35.184.252.152",
                    "network_tier": "PREMIUM",
                    "public_ptr_domain_name": ""
                  }
                ],
                "alias_ip_range": [],
                "name": "nic0",
                "network": "https://www.googleapis.com/compute/v1/projects/composite-set-260200/global/networks/default",
                "network_ip": "10.128.0.6",
                "subnetwork": "https://www.googleapis.com/compute/v1/projects/composite-set-260200/regions/us-central1/subnetworks/default",
                "subnetwork_project": "composite-set-260200"
              }
            ],
            "project": "composite-set-260200",
            "scheduling": [
              {
                "automatic_restart": true,
                "node_affinities": [],
                "on_host_maintenance": "MIGRATE",
                "preemptible": false
              }
            ],
            "scratch_disk": [],
            "self_link": "https://www.googleapis.com/compute/v1/projects/composite-set-260200/zones/us-central1-a/instances/estagiario",
            "service_account": [],
            "shielded_instance_config": [],
            "tags": [],
            "tags_fingerprint": "42WmSpB8rSM=",
            "timeouts": null,
            "zone": "us-central1-a"
          },
          "private": "eyJlMmJmYjczMC1lY2FhLTExZTYtOGY4OC0zNDM2M2JjN2M0YzAiOnsiY3JlYXRlIjoxMjAwMDAwMDAwMDAwLCJkZWxldGUiOjEyMDAwMDAwMDAwMDAsInVwZGF0ZSI6MTIwMDAwMDAwMDAwMH0sInNjaGVtYV92ZXJzaW9uIjoiNiJ9"
        }
      ]
    },
    {
      "mode": "managed",
      "type": "google_sql_database_instance",
      "name": "helloworld",
      "provider": "provider.google",
      "instances": [
        {
          "schema_version": 0,
          "attributes": {
            "connection_name": "composite-set-260200:us-central1:database2",
            "database_version": "MYSQL_5_7",
            "first_ip_address": "35.223.91.95",
            "id": "database2",
            "ip_address": [
              {
                "ip_address": "35.223.91.95",
                "time_to_retire": "",
                "type": "PRIMARY"
              }
            ],
            "master_instance_name": "",
            "name": "database2",
            "private_ip_address": "",
            "project": "composite-set-260200",
            "public_ip_address": "35.223.91.95",
            "region": "us-central1",
            "replica_configuration": [],
            "self_link": "https://www.googleapis.com/sql/v1beta4/projects/composite-set-260200/instances/database2",
            "server_ca_cert": [
              {
                "cert": "-----BEGIN CERTIFICATE-----\nMIIDfzCCAmegAwIBAgIBADANBgkqhkiG9w0BAQsFADB3MS0wKwYDVQQuEyRiMTlk\nM2ZlMy1jODA2LTQ0ZGItODA0Zi0xNTI3NDc0YTEyMTAxIzAhBgNVBAMTGkdvb2ds\nZSBDbG91ZCBTUUwgU2VydmVyIENBMRQwEgYDVQQKEwtHb29nbGUsIEluYzELMAkG\nA1UEBhMCVVMwHhcNMTkxMjEyMDAzNjExWhcNMjkxMjA5MDAzNzExWjB3MS0wKwYD\nVQQuEyRiMTlkM2ZlMy1jODA2LTQ0ZGItODA0Zi0xNTI3NDc0YTEyMTAxIzAhBgNV\nBAMTGkdvb2dsZSBDbG91ZCBTUUwgU2VydmVyIENBMRQwEgYDVQQKEwtHb29nbGUs\nIEluYzELMAkGA1UEBhMCVVMwggEiMA0GCSqGSIb3DQEBAQUAA4IBDwAwggEKAoIB\nAQCbtS8pXKW6tnH8AUyYNMLNOrTazDGpyDlkSqK46WBZFzFkBXDieHwRF/S5WsIa\nJ6WlxVqg96JWitUf3LX1T3vfvJuGY74VhjNHxCXMfOOSqWLxYLWRbD/Ynfw2FvvE\nkmMqKLW953Mm1ekmU7O0ScQhF6lPHR9gPBEI53OYslrmC7xORp5VNWYP5HA6R75V\neT5Yw8HhevHRQFQDO4WWSTW6tFXJK3nSrRGllnNgpnK+vgBN1Mqn1nE+DDg7A016\nWIkldgbnAqwjeUsPoAUnrh6nAwF7bnWExPmbnhoVUXiDKOMUspze2S0bIi5oHEWP\ntLKG6uUYm1BBmAbTqgidDBJbAgMBAAGjFjAUMBIGA1UdEwEB/wQIMAYBAf8CAQAw\nDQYJKoZIhvcNAQELBQADggEBAE7mQXrCvewFfjTlefRyNUFlEYwk7b1ot2/JSaay\n3unXZf5dFrl2ap3w0vljDjO1j3WmKdW16mJCq3zrQ+deZ1Bh1MuPN+1NTXYh4Vgf\nBLgAyzOCxkz4SidM5ye+y08owwpp6pGQTk1/2FgO8Tu4iVL31BD6WOKaQ7b4cJ2+\nFpujRCYKNBLKD6xiYzlIYca9qRC9eIHdlzL7tSIsmx4efESyYeWZ+5eZhWmHnVaq\nAkzH+k+hLhC2+C+oc5KBP4+0eTllxv6oHXsuh39WS58LJgA+b6nOzoSa+I7CRxO8\n/LroJZPcFaRXWibxddvZx/lsonV8jJCCARAMUyne0TBtJHo=\n-----END CERTIFICATE-----",
                "common_name": "C=US,O=Google\\, Inc,CN=Google Cloud SQL Server CA,dnQualifier=b19d3fe3-c806-44db-804f-1527474a1210",
                "create_time": "2019-12-12T00:36:11.881Z",
                "expiration_time": "2029-12-09T00:37:11.881Z",
                "sha1_fingerprint": "1824c768b49e5c0ada3247199af89b2e75995272"
              }
            ],
            "service_account_email_address": "p559852873750-e0tb36@gcp-sa-cloud-sql.iam.gserviceaccount.com",
            "settings": [
              {
                "activation_policy": "ALWAYS",
                "authorized_gae_applications": null,
                "availability_type": "",
                "backup_configuration": [
                  {
                    "binary_log_enabled": false,
                    "enabled": false,
                    "location": "",
                    "start_time": "09:00"
                  }
                ],
                "crash_safe_replication": false,
                "database_flags": [],
                "disk_autoresize": true,
                "disk_size": 10,
                "disk_type": "PD_SSD",
                "ip_configuration": [
                  {
                    "authorized_networks": [],
                    "ipv4_enabled": true,
                    "private_network": "",
                    "require_ssl": false
                  }
                ],
                "location_preference": [
                  {
                    "follow_gae_application": "",
                    "zone": "us-central1-f"
                  }
                ],
                "maintenance_window": [],
                "pricing_plan": "PER_USE",
                "replication_type": "SYNCHRONOUS",
                "tier": "db-f1-micro",
                "user_labels": null,
                "version": 1
              }
            ],
            "timeouts": null
          },
          "private": "eyJlMmJmYjczMC1lY2FhLTExZTYtOGY4OC0zNDM2M2JjN2M0YzAiOnsiY3JlYXRlIjoxMjAwMDAwMDAwMDAwLCJkZWxldGUiOjEyMDAwMDAwMDAwMDAsInVwZGF0ZSI6MTIwMDAwMDAwMDAwMH19"
        }
      ]
    }
  ]
}
